
Microsoft Visual Studio Solution File, Format Version 12.00
# Visual Studio Version 16
VisualStudioVersion = 16.0.30002.166
MinimumVisualStudioVersion = 10.0.40219.1
Project("{FAE04EC0-301F-11D3-BF4B-00C04F79EFBC}") = "GameProjectUserDemo", "GameProjectUserDemo\GameProjectUserDemo.csproj", "{80715187-04CD-47B9-A72F-0FE0167507FC}"
EndProject
Global
	GlobalSection(SolutionConfigurationPlatforms) = preSolution
		Debug|Any CPU = Debug|Any CPU
		Release|Any CPU = Release|Any CPU
	EndGlobalSection
	GlobalSection(ProjectConfigurationPlatforms) = postSolution
		{80715187-04CD-47B9-A72F-0FE0167507FC}.Debug|Any CPU.ActiveCfg = Debug|Any CPU
		{80715187-04CD-47B9-A72F-0FE0167507FC}.Debug|Any CPU.Build.0 = Debug|Any CPU
		{80715187-04CD-47B9-A72F-0FE0167507FC}.Release|Any CPU.ActiveCfg = Release|Any CPU
		{80715187-04CD-47B9-A72F-0FE0167507FC}.Release|Any CPU.Build.0 = Release|Any CPU
	EndGlobalSection
	GlobalSection(SolutionProperties) = preSolution
		HideSolutionNode = FALSE
	EndGlobalSection
	GlobalSection(ExtensibilityGlobals) = postSolution
		SolutionGuid = {E9221951-31D1-46C9-9645-4D3B746352D6}
	EndGlobalSection
EndGlobal
